
Microsoft Visual Studio Solution File, Format Version 12.00
# Visual Studio 15
VisualStudioVersion = 15.0.26730.12
MinimumVisualStudioVersion = 10.0.40219.1
Project("{FAE04EC0-301F-11D3-BF4B-00C04F79EFBC}") = "Anagram", "Anagram\Anagram.csproj", "{7F8C5C5A-B25A-4AF9-BC14-A0EEAB9EABC1}"
EndProject
Project("{FAE04EC0-301F-11D3-BF4B-00C04F79EFBC}") = "AnagramTest", "AnagramTest\AnagramTest.csproj", "{5C0330A2-42A9-4048-A931-6A39CEADB745}"
EndProject
Global
	GlobalSection(SolutionConfigurationPlatforms) = preSolution
		Debug|Any CPU = Debug|Any CPU
		Release|Any CPU = Release|Any CPU
	EndGlobalSection
	GlobalSection(ProjectConfigurationPlatforms) = postSolution
		{7F8C5C5A-B25A-4AF9-BC14-A0EEAB9EABC1}.Debug|Any CPU.ActiveCfg = Debug|Any CPU
		{7F8C5C5A-B25A-4AF9-BC14-A0EEAB9EABC1}.Debug|Any CPU.Build.0 = Debug|Any CPU
		{7F8C5C5A-B25A-4AF9-BC14-A0EEAB9EABC1}.Release|Any CPU.ActiveCfg = Release|Any CPU
		{7F8C5C5A-B25A-4AF9-BC14-A0EEAB9EABC1}.Release|Any CPU.Build.0 = Release|Any CPU
		{5C0330A2-42A9-4048-A931-6A39CEADB745}.Debug|Any CPU.ActiveCfg = Debug|Any CPU
		{5C0330A2-42A9-4048-A931-6A39CEADB745}.Debug|Any CPU.Build.0 = Debug|Any CPU
		{5C0330A2-42A9-4048-A931-6A39CEADB745}.Release|Any CPU.ActiveCfg = Release|Any CPU
		{5C0330A2-42A9-4048-A931-6A39CEADB745}.Release|Any CPU.Build.0 = Release|Any CPU
	EndGlobalSection
	GlobalSection(SolutionProperties) = preSolution
		HideSolutionNode = FALSE
	EndGlobalSection
	GlobalSection(ExtensibilityGlobals) = postSolution
		SolutionGuid = {6790DAD0-62DA-42F6-B40E-8E9D9DBCBFA1}
	EndGlobalSection
EndGlobal
